// !$*UTF8*$!
{
	archiveVersion = 1;
	classes = {
	};
	objectVersion = 46;
	objects = {

/* Begin PBXBuildFile section */
		A72A48521DBBE6E800733660 /* AppDelegate.swift in Sources */ = {isa = PBXBuildFile; fileRef = A72A48511DBBE6E800733660 /* AppDelegate.swift */; };
		A72A48541DBBE6E800733660 /* ViewController.swift in Sources */ = {isa = PBXBuildFile; fileRef = A72A48531DBBE6E800733660 /* ViewController.swift */; };
		A72A48571DBBE6E800733660 /* Main.storyboard in Resources */ = {isa = PBXBuildFile; fileRef = A72A48551DBBE6E800733660 /* Main.storyboard */; };
		A72A48591DBBE6E800733660 /* Assets.xcassets in Resources */ = {isa = PBXBuildFile; fileRef = A72A48581DBBE6E800733660 /* Assets.xcassets */; };
		A72A485C1DBBE6E800733660 /* LaunchScreen.storyboard in Resources */ = {isa = PBXBuildFile; fileRef = A72A485A1DBBE6E800733660 /* LaunchScreen.storyboard */; };
/* End PBXBuildFile section */

/* Begin PBXFileReference section */
		A72A484E1DBBE6E800733660 /* Scroll View Images.app */ = {isa = PBXFileReference; explicitFileType = wrapper.application; includeInIndex = 0; path = "Scroll View Images.app"; sourceTree = BUILT_PRODUCTS_DIR; };
		A72A48511DBBE6E800733660 /* AppDelegate.swift */ = {isa = PBXFileReference; lastKnownFileType = sourcecode.swift; path = AppDelegate.swift; sourceTree = "<group>"; };
		A72A48531DBBE6E800733660 /* ViewController.swift */ = {isa = PBXFileReference; lastKnownFileType = sourcecode.swift; path = ViewController.swift; sourceTree = "<group>"; };
		A72A48561DBBE6E800733660 /* Base */ = {isa = PBXFileReference; lastKnownFileType = file.storyboard; name = Base; path = Base.lproj/Main.storyboard; sourceTree = "<group>"; };
		A72A48581DBBE6E800733660 /* Assets.xcassets */ = {isa = PBXFileReference; lastKnownFileType = folder.assetcatalog; path = Assets.xcassets; sourceTree = "<group>"; };
		A72A485B1DBBE6E800733660 /* Base */ = {isa = PBXFileReference; lastKnownFileType = file.storyboard; name = Base; path = Base.lproj/LaunchScreen.storyboard; sourceTree = "<group>"; };
		A72A485D1DBBE6E800733660 /* Info.plist */ = {isa = PBXFileReference; lastKnownFileType = text.plist.xml; path = Info.plist; sourceTree = "<group>"; };
/* End PBXFileReference section */

/* Begin PBXFrameworksBuildPhase section */
		A72A484B1DBBE6E800733660 /* Frameworks */ = {
			isa = PBXFrameworksBuildPhase;
			buildActionMask = 2147483647;
			files = (
			);
			runOnlyForDeploymentPostprocessing = 0;
		};
/* End PBXFrameworksBuildPhase section */

/* Begin PBXGroup section */
		A72A48451DBBE6E800733660 = {
			isa = PBXGroup;
			children = (
				A72A48501DBBE6E800733660 /* Scroll View Images */,
				A72A484F1DBBE6E800733660 /* Products */,
			);
			sourceTree = "<group>";
		};
		A72A484F1DBBE6E800733660 /* Products */ = {
			isa = PBXGroup;
			children = (
				A72A484E1DBBE6E800733660 /* Scroll View Images.app */,
			);
			name = Products;
			sourceTree = "<group>";
		};
		A72A48501DBBE6E800733660 /* Scroll View Images */ = {
			isa = PBXGroup;
			children = (
				A72A48511DBBE6E800733660 /* AppDelegate.swift */,
				A72A48531DBBE6E800733660 /* ViewController.swift */,
				A72A48551DBBE6E800733660 /* Main.storyboard */,
				A72A48581DBBE6E800733660 /* Assets.xcassets */,
				A72A485A1DBBE6E800733660 /* LaunchScreen.storyboard */,
				A72A485D1DBBE6E800733660 /* Info.plist */,
			);
			path = "Scroll View Images";
			sourceTree = "<group>";
		};
/* End PBXGroup section */

/* Begin PBXNativeTarget section */
		A72A484D1DBBE6E800733660 /* Scroll View Images */ = {
			isa = PBXNativeTarget;
			buildConfigurationList = A72A48601DBBE6E800733660 /* Build configuration list for PBXNativeTarget "Scroll View Images" */;
			buildPhases = (
				A72A484A1DBBE6E800733660 /* Sources */,
				A72A484B1DBBE6E800733660 /* Frameworks */,
				A72A484C1DBBE6E800733660 /* Resources */,
			);
			buildRules = (
			);
			dependencies = (
			);
			name = "Scroll View Images";
			productName = "Scroll View Images";
			productReference = A72A484E1DBBE6E800733660 /* Scroll View Images.app */;
			productType = "com.apple.product-type.application";
		};
/* End PBXNativeTarget section */

/* Begin PBXProject section */
		A72A48461DBBE6E800733660 /* Project object */ = {
			isa = PBXProject;
			attributes = {
				LastSwiftUpdateCheck = 0800;
				LastUpgradeCheck = 0800;
				ORGANIZATIONNAME = "Danny Nguyen";
				TargetAttributes = {
					A72A484D1DBBE6E800733660 = {
						CreatedOnToolsVersion = 8.0;
						ProvisioningStyle = Automatic;
					};
				};
			};
			buildConfigurationList = A72A48491DBBE6E800733660 /* Build configuration list for PBXProject "Scroll View Images" */;
			compatibilityVersion = "Xcode 3.2";
			developmentRegion = English;
			hasScannedForEncodings = 0;
			knownRegions = (
				en,
				Base,
			);
			mainGroup = A72A48451DBBE6E800733660;
			productRefGroup = A72A484F1DBBE6E800733660 /* Products */;
			projectDirPath = "";
			projectRoot = "";
			targets = (
				A72A484D1DBBE6E800733660 /* Scroll View Images */,
			);
		};
/* End PBXProject section */

/* Begin PBXResourcesBuildPhase section */
		A72A484C1DBBE6E800733660 /* Resources */ = {
			isa = PBXResourcesBuildPhase;
			buildActionMask = 2147483647;
			files = (
				A72A485C1DBBE6E800733660 /* LaunchScreen.storyboard in Resources */,
				A72A48591DBBE6E800733660 /* Assets.xcassets in Resources */,
				A72A48571DBBE6E800733660 /* Main.storyboard in Resources */,
			);
			runOnlyForDeploymentPostprocessing = 0;
		};
/* End PBXResourcesBuildPhase section */

/* Begin PBXSourcesBuildPhase section */
		A72A484A1DBBE6E800733660 /* Sources */ = {
			isa = PBXSourcesBuildPhase;
			buildActionMask = 2147483647;
			files = (
				A72A48541DBBE6E800733660 /* ViewController.swift in Sources */,
				A72A48521DBBE6E800733660 /* AppDelegate.swift in Sources */,
			);
			runOnlyForDeploymentPostprocessing = 0;
		};
/* End PBXSourcesBuildPhase section */

/* Begin PBXVariantGroup section */
		A72A48551DBBE6E800733660 /* Main.storyboard */ = {
			isa = PBXVariantGroup;
			children = (
				A72A48561DBBE6E800733660 /* Base */,
			);
			name = Main.storyboard;
			sourceTree = "<group>";
		};
		A72A485A1DBBE6E800733660 /* LaunchScreen.storyboard */ = {
			isa = PBXVariantGroup;
			children = (
				A72A485B1DBBE6E800733660 /* Base */,
			);
			name = LaunchScreen.storyboard;
			sourceTree = "<group>";
		};
/* End PBXVariantGroup section */

/* Begin XCBuildConfiguration section */
		A72A485E1DBBE6E800733660 /* Debug */ = {
			isa = XCBuildConfiguration;
			buildSettings = {
				ALWAYS_SEARCH_USER_PATHS = NO;
				CLANG_ANALYZER_NONNULL = YES;
				CLANG_CXX_LANGUAGE_STANDARD = "gnu++0x";
				CLANG_CXX_LIBRARY = "libc++";
				CLANG_ENABLE_MODULES = YES;
				CLANG_ENABLE_OBJC_ARC = YES;
				CLANG_WARN_BOOL_CONVERSION = YES;
				CLANG_WARN_CONSTANT_CONVERSION = YES;
				CLANG_WARN_DIRECT_OBJC_ISA_USAGE = YES_ERROR;
				CLANG_WARN_DOCUMENTATION_COMMENTS = YES;
				CLANG_WARN_EMPTY_BODY = YES;
				CLANG_WARN_ENUM_CONVERSION = YES;
				CLANG_WARN_INFINITE_RECURSION = YES;
				CLANG_WARN_INT_CONVERSION = YES;
				CLANG_WARN_OBJC_ROOT_CLASS = YES_ERROR;
				CLANG_WARN_SUSPICIOUS_MOVES = YES;
				CLANG_WARN_UNREACHABLE_CODE = YES;
				CLANG_WARN__DUPLICATE_METHOD_MATCH = YES;
				"CODE_SIGN_IDENTITY[sdk=iphoneos*]" = "iPhone Developer";
				COPY_PHASE_STRIP = NO;
				DEBUG_INFORMATION_FORMAT = dwarf;
				ENABLE_STRICT_OBJC_MSGSEND = YES;
				ENABLE_TESTABILITY = YES;
				GCC_C_LANGUAGE_STANDARD = gnu99;
				GCC_DYNAMIC_NO_PIC = NO;
				GCC_NO_COMMON_BLOCKS = YES;
				GCC_OPTIMIZATION_LEVEL = 0;
				GCC_PREPROCESSOR_DEFINITIONS = (
					"DEBUG=1",
					"$(inherited)",
				);
				GCC_WARN_64_TO_32_BIT_CONVERSION = YES;
				GCC_WARN_ABOUT_RETURN_TYPE = YES_ERROR;
				GCC_WARN_UNDECLARED_SELECTOR = YES;
				GCC_WARN_UNINITIALIZED_AUTOS = YES_AGGRESSIVE;
				GCC_WARN_UNUSED_FUNCTION = YES;
				GCC_WARN_UNUSED_VARIABLE = YES;
				IPHONEOS_DEPLOYMENT_TARGET = 10.0;
				MTL_ENABLE_DEBUG_INFO = YES;
				ONLY_ACTIVE_ARCH = YES;
				SDKROOT = iphoneos;
				SWIFT_ACTIVE_COMPILATION_CONDITIONS = DEBUG;
				SWIFT_OPTIMIZATION_LEVEL = "-Onone";
				TARGETED_DEVICE_FAMILY = "1,2";
			};
			name = Debug;
		};
		A72A485F1DBBE6E800733660 /* Release */ = {
			isa = XCBuildConfiguration;
			buildSettings = {
				ALWAYS_SEARCH_USER_PATHS = NO;
				CLANG_ANALYZER_NONNULL = YES;
				CLANG_CXX_LANGUAGE_STANDARD = "gnu++0x";
				CLANG_CXX_LIBRARY = "libc++";
				CLANG_ENABLE_MODULES = YES;
				CLANG_ENABLE_OBJC_ARC = YES;
				CLANG_WARN_BOOL_CONVERSION = YES;
				CLANG_WARN_CONSTANT_CONVERSION = YES;
				CLANG_WARN_DIRECT_OBJC_ISA_USAGE = YES_ERROR;
				CLANG_WARN_DOCUMENTATION_COMMENTS = YES;
				CLANG_WARN_EMPTY_BODY = YES;
				CLANG_WARN_ENUM_CONVERSION = YES;
				CLANG_WARN_INFINITE_RECURSION = YES;
				CLANG_WARN_INT_CONVERSION = YES;
				CLANG_WARN_OBJC_ROOT_CLASS = YES_ERROR;
				CLANG_WARN_SUSPICIOUS_MOVES = YES;
				CLANG_WARN_UNREACHABLE_CODE = YES;
				CLANG_WARN__DUPLICATE_METHOD_MATCH = YES;
				"CODE_SIGN_IDENTITY[sdk=iphoneos*]" = "iPhone Developer";
				COPY_PHASE_STRIP = NO;
				DEBUG_INFORMATION_FORMAT = "dwarf-with-dsym";
				ENABLE_NS_ASSERTIONS = NO;
				ENABLE_STRICT_OBJC_MSGSEND = YES;
				GCC_C_LANGUAGE_STANDARD = gnu99;
				GCC_NO_COMMON_BLOCKS = YES;
				GCC_WARN_64_TO_32_BIT_CONVERSION = YES;
				GCC_WARN_ABOUT_RETURN_TYPE = YES_ERROR;
				GCC_WARN_UNDECLARED_SELECTOR = YES;
				GCC_WARN_UNINITIALIZED_AUTOS = YES_AGGRESSIVE;
				GCC_WARN_UNUSED_FUNCTION = YES;
				GCC_WARN_UNUSED_VARIABLE = YES;
				IPHONEOS_DEPLOYMENT_TARGET = 10.0;
				MTL_ENABLE_DEBUG_INFO = NO;
				SDKROOT = iphoneos;
				SWIFT_OPTIMIZATION_LEVEL = "-Owholemodule";
				TARGETED_DEVICE_FAMILY = "1,2";
				VALIDATE_PRODUCT = YES;
			};
			name = Release;
		};
		A72A48611DBBE6E800733660 /* Debug */ = {
			isa = XCBuildConfiguration;
			buildSettings = {
				ASSETCATALOG_COMPILER_APPICON_NAME = AppIcon;
				INFOPLIST_FILE = "Scroll View Images/Info.plist";
				LD_RUNPATH_SEARCH_PATHS = "$(inherited) @executable_path/Frameworks";
				PRODUCT_BUNDLE_IDENTIFIER = "Danny-Nguyen.Scroll-View-Images";
				PRODUCT_NAME = "$(TARGET_NAME)";
				SWIFT_VERSION = 3.0;
			};
			name = Debug;
		};
		A72A48621DBBE6E800733660 /* Release */ = {
			isa = XCBuildConfiguration;
			buildSettings = {
				ASSETCATALOG_COMPILER_APPICON_NAME = AppIcon;
				INFOPLIST_FILE = "Scroll View Images/Info.plist";
				LD_RUNPATH_SEARCH_PATHS = "$(inherited) @executable_path/Frameworks";
				PRODUCT_BUNDLE_IDENTIFIER = "Danny-Nguyen.Scroll-View-Images";
				PRODUCT_NAME = "$(TARGET_NAME)";
				SWIFT_VERSION = 3.0;
			};
			name = Release;
		};
/* End XCBuildConfiguration section */

/* Begin XCConfigurationList section */
		A72A48491DBBE6E800733660 /* Build configuration list for PBXProject "Scroll View Images" */ = {
			isa = XCConfigurationList;
			buildConfigurations = (
				A72A485E1DBBE6E800733660 /* Debug */,
				A72A485F1DBBE6E800733660 /* Release */,
			);
			defaultConfigurationIsVisible = 0;
			defaultConfigurationName = Release;
		};
		A72A48601DBBE6E800733660 /* Build configuration list for PBXNativeTarget "Scroll View Images" */ = {
			isa = XCConfigurationList;
			buildConfigurations = (
				A72A48611DBBE6E800733660 /* Debug */,
				A72A48621DBBE6E800733660 /* Release */,
			);
			defaultConfigurationIsVisible = 0;
		};
/* End XCConfigurationList section */
	};
	rootObject = A72A48461DBBE6E800733660 /* Project object */;
}
